<?xml version="1.0" encoding="utf-8"?>
<Project ToolsVersion="4.0" xmlns="http://schemas.microsoft.com/developer/msbuild/2003">
  <ItemGroup>
    <ClCompile Include="Plugin.cpp" />
    <ClCompile Include="stdafx.cpp" />
    <ClCompile Include="GOAP\WorldState.cpp" />
    <ClCompile Include="GOAP\Actions\BaseAction.cpp" />
    <ClCompile Include="GOAP\Node.cpp" />
    <ClCompile Include="GOAP\Planner.cpp" />
    <ClCompile Include="GOAP\Actions\Action_GoToClosestCell.cpp" />
    <ClCompile Include="SpacePartitioning.cpp" />
    <ClCompile Include="FSM.cpp" />
    <ClCompile Include="GOAP\Actions\Action_GrabPistol.cpp" />
    <ClCompile Include="GOAP\Actions\Action_GrabMedkit.cpp" />
    <ClCompile Include="GOAP\Actions\Action_LootHouse.cpp" />
    <ClCompile Include="GOAP\Actions\Action_GrabFood.cpp" />
    <ClCompile Include="GOAP\Actions\Action_GrabShotgun.cpp" />
    <ClCompile Include="GOAP\Actions\Action_SearchArea.cpp" />
    <ClCompile Include="GOAP\Actions\Action_Heal.cpp" />
    <ClCompile Include="GOAP\Actions\Action_Eat.cpp" />
    <ClCompile Include="GOAP\Actions\Action_DestroyGarbage.cpp" />
    <ClCompile Include="GOAP\Actions\Action_FleePurgezone.cpp" />
    <ClCompile Include="GOAP\Actions\Action_KillEnemyPistol.cpp" />
    <ClCompile Include="GOAP\Actions\Action_SearchEnemy.cpp" />
    <ClCompile Include="GOAP\Actions\Action_KillEnemyShotgun.cpp" />
    <ClCompile Include="GOAP\Actions\Action_ClearPistol.cpp" />
    <ClCompile Include="GOAP\Actions\Action_ClearShotgun.cpp" />
    <ClCompile Include="GOAP\Actions\Action_ClearMedkit.cpp" />
  </ItemGroup>
  <ItemGroup>
    <ClInclude Include="Plugin.h" />
    <ClInclude Include="stdafx.h" />
    <ClInclude Include="GOAP\WorldState.h" />
    <ClInclude Include="GOAP\Actions\BaseAction.h" />
    <ClInclude Include="GOAP\Node.h" />
    <ClInclude Include="GOAP\Planner.h" />
    <ClInclude Include="GOAP\Data\EBlackboard.h" />
    <ClInclude Include="GOAP\Actions\Action_GoToClosestCell.h" />
    <ClInclude Include="SpacePartitioning.h" />
    <ClInclude Include="FSM.h" />
    <ClInclude Include="GOAP\Actions\Action_GrabPistol.h" />
    <ClInclude Include="GOAP\Actions\Action_GrabMedkit.h" />
    <ClInclude Include="GOAP\Actions\Action_LootHouse.h" />
    <ClInclude Include="GOAP\Actions\Action_GrabFood.h" />
    <ClInclude Include="GOAP\Actions\Action_GrabShotgun.h" />
    <ClInclude Include="GOAP\Actions\Action_SearchArea.h" />
    <ClInclude Include="GOAP\Actions\Action_Heal.h" />
    <ClInclude Include="GOAP\Actions\Action_Eat.h" />
    <ClInclude Include="GOAP\Actions\Action_DestroyGarbage.h" />
    <ClInclude Include="GOAP\Actions\Action_FleePurgezone.h" />
    <ClInclude Include="GOAP\Actions\Action_KillEnemyPistol.h" />
    <ClInclude Include="GOAP\Actions\Action_SearchEnemy.h" />
    <ClInclude Include="GOAP\Actions\Action_KillEnemyShotgun.h" />
    <ClInclude Include="MathHelpers.h" />
    <ClInclude Include="GOAP\Actions\Action_ClearPistol.h" />
    <ClInclude Include="GOAP\Actions\Action_ClearShotgun.h" />
    <ClInclude Include="GOAP\Actions\Action_ClearMedkit.h" />
  </ItemGroup>
</Project>